
Microsoft Visual Studio Solution File, Format Version 12.00
# Visual Studio Version 17
VisualStudioVersion = 17.9.34607.119
MinimumVisualStudioVersion = 10.0.40219.1
Project("{FAE04EC0-301F-11D3-BF4B-00C04F79EFBC}") = "LW4", "LW4\LW4.csproj", "{C35DCFF4-DCC5-42B6-AF61-8EF1C2405A8A}"
EndProject
Global
	GlobalSection(SolutionConfigurationPlatforms) = preSolution
		Debug|Any CPU = Debug|Any CPU
		Release|Any CPU = Release|Any CPU
	EndGlobalSection
	GlobalSection(ProjectConfigurationPlatforms) = postSolution
		{C35DCFF4-DCC5-42B6-AF61-8EF1C2405A8A}.Debug|Any CPU.ActiveCfg = Debug|Any CPU
		{C35DCFF4-DCC5-42B6-AF61-8EF1C2405A8A}.Debug|Any CPU.Build.0 = Debug|Any CPU
		{C35DCFF4-DCC5-42B6-AF61-8EF1C2405A8A}.Release|Any CPU.ActiveCfg = Release|Any CPU
		{C35DCFF4-DCC5-42B6-AF61-8EF1C2405A8A}.Release|Any CPU.Build.0 = Release|Any CPU
	EndGlobalSection
	GlobalSection(SolutionProperties) = preSolution
		HideSolutionNode = FALSE
	EndGlobalSection
	GlobalSection(ExtensibilityGlobals) = postSolution
		SolutionGuid = {5F5EB4B7-2198-42E7-8EA6-1D3E9CDF6FDD}
	EndGlobalSection
EndGlobal
