
Microsoft Visual Studio Solution File, Format Version 12.00
# Visual Studio Version 17
VisualStudioVersion = 17.8.34525.116
MinimumVisualStudioVersion = 10.0.40219.1
Project("{FAE04EC0-301F-11D3-BF4B-00C04F79EFBC}") = "LW1", "LW1\LW1.csproj", "{03E62E09-909F-4221-A134-9129B194BB5F}"
EndProject
Project("{FAE04EC0-301F-11D3-BF4B-00C04F79EFBC}") = "LW1_Test", "LW1_Test\LW1_Test.csproj", "{81FAB8B6-78DB-479C-B7E9-7EB8455E10F2}"
EndProject
Global
	GlobalSection(SolutionConfigurationPlatforms) = preSolution
		Debug|Any CPU = Debug|Any CPU
		Release|Any CPU = Release|Any CPU
	EndGlobalSection
	GlobalSection(ProjectConfigurationPlatforms) = postSolution
		{03E62E09-909F-4221-A134-9129B194BB5F}.Debug|Any CPU.ActiveCfg = Debug|Any CPU
		{03E62E09-909F-4221-A134-9129B194BB5F}.Debug|Any CPU.Build.0 = Debug|Any CPU
		{03E62E09-909F-4221-A134-9129B194BB5F}.Release|Any CPU.ActiveCfg = Release|Any CPU
		{03E62E09-909F-4221-A134-9129B194BB5F}.Release|Any CPU.Build.0 = Release|Any CPU
		{81FAB8B6-78DB-479C-B7E9-7EB8455E10F2}.Debug|Any CPU.ActiveCfg = Debug|Any CPU
		{81FAB8B6-78DB-479C-B7E9-7EB8455E10F2}.Debug|Any CPU.Build.0 = Debug|Any CPU
		{81FAB8B6-78DB-479C-B7E9-7EB8455E10F2}.Release|Any CPU.ActiveCfg = Release|Any CPU
		{81FAB8B6-78DB-479C-B7E9-7EB8455E10F2}.Release|Any CPU.Build.0 = Release|Any CPU
	EndGlobalSection
	GlobalSection(SolutionProperties) = preSolution
		HideSolutionNode = FALSE
	EndGlobalSection
	GlobalSection(ExtensibilityGlobals) = postSolution
		SolutionGuid = {A66B78B8-9814-49EF-BDB6-FEC3D2D9F37C}
	EndGlobalSection
EndGlobal
